// !$*UTF8*$!
{
	archiveVersion = 1;
	classes = {
	};
	objectVersion = 50;
	objects = {

/* Begin PBXBuildFile section */
		9D336BB1229CB26500C50BC5 /* sqrRoot.cpp in Sources */ = {isa = PBXBuildFile; fileRef = 9D336BB0229CB26500C50BC5 /* sqrRoot.cpp */; };
		9D336BB3229CBE5D00C50BC5 /* stairs.cpp in Sources */ = {isa = PBXBuildFile; fileRef = 9D336BB2229CBE5D00C50BC5 /* stairs.cpp */; };
		9D336BB5229D006800C50BC5 /* deleteDuplicates.cpp in Sources */ = {isa = PBXBuildFile; fileRef = 9D336BB4229D006800C50BC5 /* deleteDuplicates.cpp */; };
		9D336BB722A0D3A600C50BC5 /* isSameTree.cpp in Sources */ = {isa = PBXBuildFile; fileRef = 9D336BB622A0D3A600C50BC5 /* isSameTree.cpp */; };
		9D336BB922A1B8B300C50BC5 /* symmetricTree.cpp in Sources */ = {isa = PBXBuildFile; fileRef = 9D336BB822A1B8B300C50BC5 /* symmetricTree.cpp */; };
		9D336BBB22A38BBE00C50BC5 /* maxDepth.cpp in Sources */ = {isa = PBXBuildFile; fileRef = 9D336BBA22A38BBE00C50BC5 /* maxDepth.cpp */; };
		9DDC6F9122974ADC00594003 /* removeElement.cpp in Sources */ = {isa = PBXBuildFile; fileRef = 9DDC6F9022974ADC00594003 /* removeElement.cpp */; };
		9DDC6F982297AC2200594003 /* stringNeedleHaystack.cpp in Sources */ = {isa = PBXBuildFile; fileRef = 9DDC6F972297AC2200594003 /* stringNeedleHaystack.cpp */; };
		9DDC6F9A2297ADF200594003 /* searchInsert.cpp in Sources */ = {isa = PBXBuildFile; fileRef = 9DDC6F992297ADF200594003 /* searchInsert.cpp */; };
		9DDC6F9C2298CA6C00594003 /* lengthOfLastString.cpp in Sources */ = {isa = PBXBuildFile; fileRef = 9DDC6F9B2298CA6C00594003 /* lengthOfLastString.cpp */; };
		9DDC6F9E22991D5100594003 /* plusOne.cpp in Sources */ = {isa = PBXBuildFile; fileRef = 9DDC6F9D22991D5100594003 /* plusOne.cpp */; };
/* End PBXBuildFile section */

/* Begin PBXCopyFilesBuildPhase section */
		9DDC6F8B22974ADC00594003 /* CopyFiles */ = {
			isa = PBXCopyFilesBuildPhase;
			buildActionMask = 2147483647;
			dstPath = /usr/share/man/man1/;
			dstSubfolderSpec = 0;
			files = (
			);
			runOnlyForDeploymentPostprocessing = 1;
		};
/* End PBXCopyFilesBuildPhase section */

/* Begin PBXFileReference section */
		9D336BB0229CB26500C50BC5 /* sqrRoot.cpp */ = {isa = PBXFileReference; lastKnownFileType = sourcecode.cpp.cpp; path = sqrRoot.cpp; sourceTree = "<group>"; };
		9D336BB2229CBE5D00C50BC5 /* stairs.cpp */ = {isa = PBXFileReference; lastKnownFileType = sourcecode.cpp.cpp; path = stairs.cpp; sourceTree = "<group>"; };
		9D336BB4229D006800C50BC5 /* deleteDuplicates.cpp */ = {isa = PBXFileReference; lastKnownFileType = sourcecode.cpp.cpp; path = deleteDuplicates.cpp; sourceTree = "<group>"; };
		9D336BB622A0D3A600C50BC5 /* isSameTree.cpp */ = {isa = PBXFileReference; lastKnownFileType = sourcecode.cpp.cpp; path = isSameTree.cpp; sourceTree = "<group>"; };
		9D336BB822A1B8B300C50BC5 /* symmetricTree.cpp */ = {isa = PBXFileReference; lastKnownFileType = sourcecode.cpp.cpp; path = symmetricTree.cpp; sourceTree = "<group>"; };
		9D336BBA22A38BBE00C50BC5 /* maxDepth.cpp */ = {isa = PBXFileReference; lastKnownFileType = sourcecode.cpp.cpp; path = maxDepth.cpp; sourceTree = "<group>"; };
		9DDC6F8D22974ADC00594003 /* MyLeet */ = {isa = PBXFileReference; explicitFileType = "compiled.mach-o.executable"; includeInIndex = 0; path = MyLeet; sourceTree = BUILT_PRODUCTS_DIR; };
		9DDC6F9022974ADC00594003 /* removeElement.cpp */ = {isa = PBXFileReference; lastKnownFileType = sourcecode.cpp.cpp; path = removeElement.cpp; sourceTree = "<group>"; };
		9DDC6F972297AC2200594003 /* stringNeedleHaystack.cpp */ = {isa = PBXFileReference; lastKnownFileType = sourcecode.cpp.cpp; path = stringNeedleHaystack.cpp; sourceTree = "<group>"; };
		9DDC6F992297ADF200594003 /* searchInsert.cpp */ = {isa = PBXFileReference; lastKnownFileType = sourcecode.cpp.cpp; path = searchInsert.cpp; sourceTree = "<group>"; };
		9DDC6F9B2298CA6C00594003 /* lengthOfLastString.cpp */ = {isa = PBXFileReference; lastKnownFileType = sourcecode.cpp.cpp; path = lengthOfLastString.cpp; sourceTree = "<group>"; };
		9DDC6F9D22991D5100594003 /* plusOne.cpp */ = {isa = PBXFileReference; lastKnownFileType = sourcecode.cpp.cpp; path = plusOne.cpp; sourceTree = "<group>"; };
/* End PBXFileReference section */

/* Begin PBXFrameworksBuildPhase section */
		9DDC6F8A22974ADC00594003 /* Frameworks */ = {
			isa = PBXFrameworksBuildPhase;
			buildActionMask = 2147483647;
			files = (
			);
			runOnlyForDeploymentPostprocessing = 0;
		};
/* End PBXFrameworksBuildPhase section */

/* Begin PBXGroup section */
		9DDC6F8422974ADC00594003 = {
			isa = PBXGroup;
			children = (
				9DDC6F8F22974ADC00594003 /* MyLeet */,
				9DDC6F8E22974ADC00594003 /* Products */,
			);
			sourceTree = "<group>";
		};
		9DDC6F8E22974ADC00594003 /* Products */ = {
			isa = PBXGroup;
			children = (
				9DDC6F8D22974ADC00594003 /* MyLeet */,
			);
			name = Products;
			sourceTree = "<group>";
		};
		9DDC6F8F22974ADC00594003 /* MyLeet */ = {
			isa = PBXGroup;
			children = (
				9DDC6F9022974ADC00594003 /* removeElement.cpp */,
				9DDC6F972297AC2200594003 /* stringNeedleHaystack.cpp */,
				9DDC6F992297ADF200594003 /* searchInsert.cpp */,
				9DDC6F9B2298CA6C00594003 /* lengthOfLastString.cpp */,
				9DDC6F9D22991D5100594003 /* plusOne.cpp */,
				9D336BB0229CB26500C50BC5 /* sqrRoot.cpp */,
				9D336BB2229CBE5D00C50BC5 /* stairs.cpp */,
				9D336BB4229D006800C50BC5 /* deleteDuplicates.cpp */,
				9D336BB622A0D3A600C50BC5 /* isSameTree.cpp */,
				9D336BB822A1B8B300C50BC5 /* symmetricTree.cpp */,
				9D336BBA22A38BBE00C50BC5 /* maxDepth.cpp */,
			);
			path = MyLeet;
			sourceTree = "<group>";
		};
/* End PBXGroup section */

/* Begin PBXNativeTarget section */
		9DDC6F8C22974ADC00594003 /* MyLeet */ = {
			isa = PBXNativeTarget;
			buildConfigurationList = 9DDC6F9422974ADC00594003 /* Build configuration list for PBXNativeTarget "MyLeet" */;
			buildPhases = (
				9DDC6F8922974ADC00594003 /* Sources */,
				9DDC6F8A22974ADC00594003 /* Frameworks */,
				9DDC6F8B22974ADC00594003 /* CopyFiles */,
			);
			buildRules = (
			);
			dependencies = (
			);
			name = MyLeet;
			productName = MyLeet;
			productReference = 9DDC6F8D22974ADC00594003 /* MyLeet */;
			productType = "com.apple.product-type.tool";
		};
/* End PBXNativeTarget section */

/* Begin PBXProject section */
		9DDC6F8522974ADC00594003 /* Project object */ = {
			isa = PBXProject;
			attributes = {
				LastUpgradeCheck = 1020;
				ORGANIZATIONNAME = "Japneet Singh";
				TargetAttributes = {
					9DDC6F8C22974ADC00594003 = {
						CreatedOnToolsVersion = 10.2.1;
					};
				};
			};
			buildConfigurationList = 9DDC6F8822974ADC00594003 /* Build configuration list for PBXProject "MyLeet" */;
			compatibilityVersion = "Xcode 9.3";
			developmentRegion = en;
			hasScannedForEncodings = 0;
			knownRegions = (
				en,
			);
			mainGroup = 9DDC6F8422974ADC00594003;
			productRefGroup = 9DDC6F8E22974ADC00594003 /* Products */;
			projectDirPath = "";
			projectRoot = "";
			targets = (
				9DDC6F8C22974ADC00594003 /* MyLeet */,
			);
		};
/* End PBXProject section */

/* Begin PBXSourcesBuildPhase section */
		9DDC6F8922974ADC00594003 /* Sources */ = {
			isa = PBXSourcesBuildPhase;
			buildActionMask = 2147483647;
			files = (
				9D336BB1229CB26500C50BC5 /* sqrRoot.cpp in Sources */,
				9DDC6F9A2297ADF200594003 /* searchInsert.cpp in Sources */,
				9DDC6F9C2298CA6C00594003 /* lengthOfLastString.cpp in Sources */,
				9DDC6F9122974ADC00594003 /* removeElement.cpp in Sources */,
				9DDC6F982297AC2200594003 /* stringNeedleHaystack.cpp in Sources */,
				9DDC6F9E22991D5100594003 /* plusOne.cpp in Sources */,
				9D336BB5229D006800C50BC5 /* deleteDuplicates.cpp in Sources */,
				9D336BB922A1B8B300C50BC5 /* symmetricTree.cpp in Sources */,
				9D336BBB22A38BBE00C50BC5 /* maxDepth.cpp in Sources */,
				9D336BB722A0D3A600C50BC5 /* isSameTree.cpp in Sources */,
				9D336BB3229CBE5D00C50BC5 /* stairs.cpp in Sources */,
			);
			runOnlyForDeploymentPostprocessing = 0;
		};
/* End PBXSourcesBuildPhase section */

/* Begin XCBuildConfiguration section */
		9DDC6F9222974ADC00594003 /* Debug */ = {
			isa = XCBuildConfiguration;
			buildSettings = {
				ALWAYS_SEARCH_USER_PATHS = NO;
				CLANG_ANALYZER_NONNULL = YES;
				CLANG_ANALYZER_NUMBER_OBJECT_CONVERSION = YES_AGGRESSIVE;
				CLANG_CXX_LANGUAGE_STANDARD = "gnu++14";
				CLANG_CXX_LIBRARY = "libc++";
				CLANG_ENABLE_MODULES = YES;
				CLANG_ENABLE_OBJC_ARC = YES;
				CLANG_ENABLE_OBJC_WEAK = YES;
				CLANG_WARN_BLOCK_CAPTURE_AUTORELEASING = YES;
				CLANG_WARN_BOOL_CONVERSION = YES;
				CLANG_WARN_COMMA = YES;
				CLANG_WARN_CONSTANT_CONVERSION = YES;
				CLANG_WARN_DEPRECATED_OBJC_IMPLEMENTATIONS = YES;
				CLANG_WARN_DIRECT_OBJC_ISA_USAGE = YES_ERROR;
				CLANG_WARN_DOCUMENTATION_COMMENTS = YES;
				CLANG_WARN_EMPTY_BODY = YES;
				CLANG_WARN_ENUM_CONVERSION = YES;
				CLANG_WARN_INFINITE_RECURSION = YES;
				CLANG_WARN_INT_CONVERSION = YES;
				CLANG_WARN_NON_LITERAL_NULL_CONVERSION = YES;
				CLANG_WARN_OBJC_IMPLICIT_RETAIN_SELF = YES;
				CLANG_WARN_OBJC_LITERAL_CONVERSION = YES;
				CLANG_WARN_OBJC_ROOT_CLASS = YES_ERROR;
				CLANG_WARN_RANGE_LOOP_ANALYSIS = YES;
				CLANG_WARN_STRICT_PROTOTYPES = YES;
				CLANG_WARN_SUSPICIOUS_MOVE = YES;
				CLANG_WARN_UNGUARDED_AVAILABILITY = YES_AGGRESSIVE;
				CLANG_WARN_UNREACHABLE_CODE = YES;
				CLANG_WARN__DUPLICATE_METHOD_MATCH = YES;
				CODE_SIGN_IDENTITY = "-";
				COPY_PHASE_STRIP = NO;
				DEBUG_INFORMATION_FORMAT = dwarf;
				ENABLE_STRICT_OBJC_MSGSEND = YES;
				ENABLE_TESTABILITY = YES;
				GCC_C_LANGUAGE_STANDARD = gnu11;
				GCC_DYNAMIC_NO_PIC = NO;
				GCC_NO_COMMON_BLOCKS = YES;
				GCC_OPTIMIZATION_LEVEL = 0;
				GCC_PREPROCESSOR_DEFINITIONS = (
					"DEBUG=1",
					"$(inherited)",
				);
				GCC_WARN_64_TO_32_BIT_CONVERSION = YES;
				GCC_WARN_ABOUT_RETURN_TYPE = YES_ERROR;
				GCC_WARN_UNDECLARED_SELECTOR = YES;
				GCC_WARN_UNINITIALIZED_AUTOS = YES_AGGRESSIVE;
				GCC_WARN_UNUSED_FUNCTION = YES;
				GCC_WARN_UNUSED_VARIABLE = YES;
				MACOSX_DEPLOYMENT_TARGET = 10.14;
				MTL_ENABLE_DEBUG_INFO = INCLUDE_SOURCE;
				MTL_FAST_MATH = YES;
				ONLY_ACTIVE_ARCH = YES;
				SDKROOT = macosx;
			};
			name = Debug;
		};
		9DDC6F9322974ADC00594003 /* Release */ = {
			isa = XCBuildConfiguration;
			buildSettings = {
				ALWAYS_SEARCH_USER_PATHS = NO;
				CLANG_ANALYZER_NONNULL = YES;
				CLANG_ANALYZER_NUMBER_OBJECT_CONVERSION = YES_AGGRESSIVE;
				CLANG_CXX_LANGUAGE_STANDARD = "gnu++14";
				CLANG_CXX_LIBRARY = "libc++";
				CLANG_ENABLE_MODULES = YES;
				CLANG_ENABLE_OBJC_ARC = YES;
				CLANG_ENABLE_OBJC_WEAK = YES;
				CLANG_WARN_BLOCK_CAPTURE_AUTORELEASING = YES;
				CLANG_WARN_BOOL_CONVERSION = YES;
				CLANG_WARN_COMMA = YES;
				CLANG_WARN_CONSTANT_CONVERSION = YES;
				CLANG_WARN_DEPRECATED_OBJC_IMPLEMENTATIONS = YES;
				CLANG_WARN_DIRECT_OBJC_ISA_USAGE = YES_ERROR;
				CLANG_WARN_DOCUMENTATION_COMMENTS = YES;
				CLANG_WARN_EMPTY_BODY = YES;
				CLANG_WARN_ENUM_CONVERSION = YES;
				CLANG_WARN_INFINITE_RECURSION = YES;
				CLANG_WARN_INT_CONVERSION = YES;
				CLANG_WARN_NON_LITERAL_NULL_CONVERSION = YES;
				CLANG_WARN_OBJC_IMPLICIT_RETAIN_SELF = YES;
				CLANG_WARN_OBJC_LITERAL_CONVERSION = YES;
				CLANG_WARN_OBJC_ROOT_CLASS = YES_ERROR;
				CLANG_WARN_RANGE_LOOP_ANALYSIS = YES;
				CLANG_WARN_STRICT_PROTOTYPES = YES;
				CLANG_WARN_SUSPICIOUS_MOVE = YES;
				CLANG_WARN_UNGUARDED_AVAILABILITY = YES_AGGRESSIVE;
				CLANG_WARN_UNREACHABLE_CODE = YES;
				CLANG_WARN__DUPLICATE_METHOD_MATCH = YES;
				CODE_SIGN_IDENTITY = "-";
				COPY_PHASE_STRIP = NO;
				DEBUG_INFORMATION_FORMAT = "dwarf-with-dsym";
				ENABLE_NS_ASSERTIONS = NO;
				ENABLE_STRICT_OBJC_MSGSEND = YES;
				GCC_C_LANGUAGE_STANDARD = gnu11;
				GCC_NO_COMMON_BLOCKS = YES;
				GCC_WARN_64_TO_32_BIT_CONVERSION = YES;
				GCC_WARN_ABOUT_RETURN_TYPE = YES_ERROR;
				GCC_WARN_UNDECLARED_SELECTOR = YES;
				GCC_WARN_UNINITIALIZED_AUTOS = YES_AGGRESSIVE;
				GCC_WARN_UNUSED_FUNCTION = YES;
				GCC_WARN_UNUSED_VARIABLE = YES;
				MACOSX_DEPLOYMENT_TARGET = 10.14;
				MTL_ENABLE_DEBUG_INFO = NO;
				MTL_FAST_MATH = YES;
				SDKROOT = macosx;
			};
			name = Release;
		};
		9DDC6F9522974ADC00594003 /* Debug */ = {
			isa = XCBuildConfiguration;
			buildSettings = {
				CODE_SIGN_STYLE = Automatic;
				PRODUCT_NAME = "$(TARGET_NAME)";
			};
			name = Debug;
		};
		9DDC6F9622974ADC00594003 /* Release */ = {
			isa = XCBuildConfiguration;
			buildSettings = {
				CODE_SIGN_STYLE = Automatic;
				PRODUCT_NAME = "$(TARGET_NAME)";
			};
			name = Release;
		};
/* End XCBuildConfiguration section */

/* Begin XCConfigurationList section */
		9DDC6F8822974ADC00594003 /* Build configuration list for PBXProject "MyLeet" */ = {
			isa = XCConfigurationList;
			buildConfigurations = (
				9DDC6F9222974ADC00594003 /* Debug */,
				9DDC6F9322974ADC00594003 /* Release */,
			);
			defaultConfigurationIsVisible = 0;
			defaultConfigurationName = Release;
		};
		9DDC6F9422974ADC00594003 /* Build configuration list for PBXNativeTarget "MyLeet" */ = {
			isa = XCConfigurationList;
			buildConfigurations = (
				9DDC6F9522974ADC00594003 /* Debug */,
				9DDC6F9622974ADC00594003 /* Release */,
			);
			defaultConfigurationIsVisible = 0;
			defaultConfigurationName = Release;
		};
/* End XCConfigurationList section */
	};
	rootObject = 9DDC6F8522974ADC00594003 /* Project object */;
}
